
Microsoft Visual Studio Solution File, Format Version 12.00
# Visual Studio 15
VisualStudioVersion = 15.0.28307.1525
MinimumVisualStudioVersion = 10.0.40219.1
Project("{159641D6-6404-4A2A-AE62-294DE0FE8301}") = "ISP_Exemple_01", "ISP_Exemple_01\ISP_Exemple_01.dtproj", "{78208A2C-2E2D-4C91-90BC-908D129BA6BD}"
EndProject
Global
	GlobalSection(SolutionConfigurationPlatforms) = preSolution
		Development|Default = Development|Default
	EndGlobalSection
	GlobalSection(ProjectConfigurationPlatforms) = postSolution
		{78208A2C-2E2D-4C91-90BC-908D129BA6BD}.Development|Default.ActiveCfg = Development
		{78208A2C-2E2D-4C91-90BC-908D129BA6BD}.Development|Default.Build.0 = Development
	EndGlobalSection
	GlobalSection(SolutionProperties) = preSolution
		HideSolutionNode = FALSE
	EndGlobalSection
	GlobalSection(ExtensibilityGlobals) = postSolution
		SolutionGuid = {D29A3AFA-9DCC-4F11-9965-B7D39D496982}
	EndGlobalSection
EndGlobal
